// !$*UTF8*$!
{
	archiveVersion = 1;
	classes = {
	};
	objectVersion = 46;
	objects = {

/* Begin PBXBuildFile section */
		50552B121C4F305000AC29A7 /* LevAutomataTest.swift in Sources */ = {isa = PBXBuildFile; fileRef = 50552B0F1C4F305000AC29A7 /* LevAutomataTest.swift */; };
		50552B141C4F317C00AC29A7 /* LevAutomataProfiling.swift in Sources */ = {isa = PBXBuildFile; fileRef = 50552B131C4F317C00AC29A7 /* LevAutomataProfiling.swift */; };
		507CFA1A1C45CFFB0023466A /* Suggestion.swift in Sources */ = {isa = PBXBuildFile; fileRef = 507CFA191C45CFFB0023466A /* Suggestion.swift */; };
		507CFA1F1C45D6700023466A /* ReactiveCocoa.framework in Resources */ = {isa = PBXBuildFile; fileRef = 5085D0131C44899F00B414BC /* ReactiveCocoa.framework */; };
		507CFA201C45D6700023466A /* Result.framework in Resources */ = {isa = PBXBuildFile; fileRef = 5085D0141C44899F00B414BC /* Result.framework */; };
		507CFA211C45D7910023466A /* Suggestion.swift in Sources */ = {isa = PBXBuildFile; fileRef = 507CFA191C45CFFB0023466A /* Suggestion.swift */; };
		507CFA221C45D7AD0023466A /* LevAutomata.swift in Sources */ = {isa = PBXBuildFile; fileRef = 5085D0191C448A6200B414BC /* LevAutomata.swift */; };
		5085CFEC1C4480F900B414BC /* AppDelegate.swift in Sources */ = {isa = PBXBuildFile; fileRef = 5085CFEB1C4480F900B414BC /* AppDelegate.swift */; };
		5085CFEE1C4480F900B414BC /* Assets.xcassets in Resources */ = {isa = PBXBuildFile; fileRef = 5085CFED1C4480F900B414BC /* Assets.xcassets */; };
		5085CFF11C4480F900B414BC /* MainMenu.xib in Resources */ = {isa = PBXBuildFile; fileRef = 5085CFEF1C4480F900B414BC /* MainMenu.xib */; };
		5085D0151C44899F00B414BC /* ReactiveCocoa.framework in Frameworks */ = {isa = PBXBuildFile; fileRef = 5085D0131C44899F00B414BC /* ReactiveCocoa.framework */; settings = {ATTRIBUTES = (Weak, ); }; };
		5085D0161C44899F00B414BC /* ReactiveCocoa.framework in Embed Frameworks */ = {isa = PBXBuildFile; fileRef = 5085D0131C44899F00B414BC /* ReactiveCocoa.framework */; settings = {ATTRIBUTES = (CodeSignOnCopy, RemoveHeadersOnCopy, ); }; };
		5085D0171C44899F00B414BC /* Result.framework in Frameworks */ = {isa = PBXBuildFile; fileRef = 5085D0141C44899F00B414BC /* Result.framework */; settings = {ATTRIBUTES = (Weak, ); }; };
		5085D0181C44899F00B414BC /* Result.framework in Embed Frameworks */ = {isa = PBXBuildFile; fileRef = 5085D0141C44899F00B414BC /* Result.framework */; settings = {ATTRIBUTES = (CodeSignOnCopy, RemoveHeadersOnCopy, ); }; };
		5085D01A1C448A6200B414BC /* LevAutomata.swift in Sources */ = {isa = PBXBuildFile; fileRef = 5085D0191C448A6200B414BC /* LevAutomata.swift */; };
		5085D01C1C448AA800B414BC /* words.txt in Resources */ = {isa = PBXBuildFile; fileRef = 5085D01B1C448AA800B414BC /* words.txt */; };
		508964D41C582F6D006B7B5D /* LevState.swift in Sources */ = {isa = PBXBuildFile; fileRef = 508964D31C582F6D006B7B5D /* LevState.swift */; };
		508964D51C583114006B7B5D /* LevState.swift in Sources */ = {isa = PBXBuildFile; fileRef = 508964D31C582F6D006B7B5D /* LevState.swift */; };
/* End PBXBuildFile section */

/* Begin PBXContainerItemProxy section */
		507CFA141C45CCED0023466A /* PBXContainerItemProxy */ = {
			isa = PBXContainerItemProxy;
			containerPortal = 5085CFE01C4480F900B414BC /* Project object */;
			proxyType = 1;
			remoteGlobalIDString = 5085CFE71C4480F900B414BC;
			remoteInfo = LevAutomata;
		};
/* End PBXContainerItemProxy section */

/* Begin PBXCopyFilesBuildPhase section */
		5085D00C1C44874E00B414BC /* Embed Frameworks */ = {
			isa = PBXCopyFilesBuildPhase;
			buildActionMask = 2147483647;
			dstPath = "";
			dstSubfolderSpec = 10;
			files = (
				5085D0161C44899F00B414BC /* ReactiveCocoa.framework in Embed Frameworks */,
				5085D0181C44899F00B414BC /* Result.framework in Embed Frameworks */,
			);
			name = "Embed Frameworks";
			runOnlyForDeploymentPostprocessing = 0;
		};
/* End PBXCopyFilesBuildPhase section */

/* Begin PBXFileReference section */
		50552B0D1C4F305000AC29A7 /* Info.plist */ = {isa = PBXFileReference; fileEncoding = 4; lastKnownFileType = text.plist.xml; path = Info.plist; sourceTree = "<group>"; };
		50552B0F1C4F305000AC29A7 /* LevAutomataTest.swift */ = {isa = PBXFileReference; fileEncoding = 4; lastKnownFileType = sourcecode.swift; path = LevAutomataTest.swift; sourceTree = "<group>"; };
		50552B131C4F317C00AC29A7 /* LevAutomataProfiling.swift */ = {isa = PBXFileReference; fileEncoding = 4; lastKnownFileType = sourcecode.swift; path = LevAutomataProfiling.swift; sourceTree = "<group>"; };
		507CFA0F1C45CCEC0023466A /* LevAutomata.xctest */ = {isa = PBXFileReference; explicitFileType = wrapper.cfbundle; includeInIndex = 0; path = LevAutomata.xctest; sourceTree = BUILT_PRODUCTS_DIR; };
		507CFA191C45CFFB0023466A /* Suggestion.swift */ = {isa = PBXFileReference; fileEncoding = 4; lastKnownFileType = sourcecode.swift; path = Suggestion.swift; sourceTree = "<group>"; };
		5085CFE81C4480F900B414BC /* LevAutomata.app */ = {isa = PBXFileReference; explicitFileType = wrapper.application; includeInIndex = 0; path = LevAutomata.app; sourceTree = BUILT_PRODUCTS_DIR; };
		5085CFEB1C4480F900B414BC /* AppDelegate.swift */ = {isa = PBXFileReference; lastKnownFileType = sourcecode.swift; path = AppDelegate.swift; sourceTree = "<group>"; };
		5085CFED1C4480F900B414BC /* Assets.xcassets */ = {isa = PBXFileReference; lastKnownFileType = folder.assetcatalog; path = Assets.xcassets; sourceTree = "<group>"; };
		5085CFF01C4480F900B414BC /* Base */ = {isa = PBXFileReference; lastKnownFileType = file.xib; name = Base; path = Base.lproj/MainMenu.xib; sourceTree = "<group>"; };
		5085CFF21C4480F900B414BC /* Info.plist */ = {isa = PBXFileReference; lastKnownFileType = text.plist.xml; path = Info.plist; sourceTree = "<group>"; };
		5085D0131C44899F00B414BC /* ReactiveCocoa.framework */ = {isa = PBXFileReference; lastKnownFileType = wrapper.framework; name = ReactiveCocoa.framework; path = Carthage/Build/Mac/ReactiveCocoa.framework; sourceTree = "<group>"; };
		5085D0141C44899F00B414BC /* Result.framework */ = {isa = PBXFileReference; lastKnownFileType = wrapper.framework; name = Result.framework; path = Carthage/Build/Mac/Result.framework; sourceTree = "<group>"; };
		5085D0191C448A6200B414BC /* LevAutomata.swift */ = {isa = PBXFileReference; fileEncoding = 4; lastKnownFileType = sourcecode.swift; path = LevAutomata.swift; sourceTree = "<group>"; };
		5085D01B1C448AA800B414BC /* words.txt */ = {isa = PBXFileReference; fileEncoding = 4; lastKnownFileType = text; path = words.txt; sourceTree = "<group>"; };
		508964D31C582F6D006B7B5D /* LevState.swift */ = {isa = PBXFileReference; fileEncoding = 4; lastKnownFileType = sourcecode.swift; path = LevState.swift; sourceTree = "<group>"; };
/* End PBXFileReference section */

/* Begin PBXFrameworksBuildPhase section */
		507CFA0C1C45CCEC0023466A /* Frameworks */ = {
			isa = PBXFrameworksBuildPhase;
			buildActionMask = 2147483647;
			files = (
			);
			runOnlyForDeploymentPostprocessing = 0;
		};
		5085CFE51C4480F900B414BC /* Frameworks */ = {
			isa = PBXFrameworksBuildPhase;
			buildActionMask = 2147483647;
			files = (
				5085D0151C44899F00B414BC /* ReactiveCocoa.framework in Frameworks */,
				5085D0171C44899F00B414BC /* Result.framework in Frameworks */,
			);
			runOnlyForDeploymentPostprocessing = 0;
		};
/* End PBXFrameworksBuildPhase section */

/* Begin PBXGroup section */
		50552B0C1C4F305000AC29A7 /* LevAutomataTest */ = {
			isa = PBXGroup;
			children = (
				50552B0D1C4F305000AC29A7 /* Info.plist */,
				50552B0F1C4F305000AC29A7 /* LevAutomataTest.swift */,
				50552B131C4F317C00AC29A7 /* LevAutomataProfiling.swift */,
			);
			path = LevAutomataTest;
			sourceTree = "<group>";
		};
		5085CFDF1C4480F900B414BC = {
			isa = PBXGroup;
			children = (
				5085D0131C44899F00B414BC /* ReactiveCocoa.framework */,
				5085D0141C44899F00B414BC /* Result.framework */,
				5085CFEA1C4480F900B414BC /* LevAutomata */,
				5085CFE91C4480F900B414BC /* Products */,
				50552B0C1C4F305000AC29A7 /* LevAutomataTest */,
			);
			sourceTree = "<group>";
		};
		5085CFE91C4480F900B414BC /* Products */ = {
			isa = PBXGroup;
			children = (
				5085CFE81C4480F900B414BC /* LevAutomata.app */,
				507CFA0F1C45CCEC0023466A /* LevAutomata.xctest */,
			);
			name = Products;
			sourceTree = "<group>";
		};
		5085CFEA1C4480F900B414BC /* LevAutomata */ = {
			isa = PBXGroup;
			children = (
				507CFA191C45CFFB0023466A /* Suggestion.swift */,
				5085CFEB1C4480F900B414BC /* AppDelegate.swift */,
				5085D0191C448A6200B414BC /* LevAutomata.swift */,
				508964D31C582F6D006B7B5D /* LevState.swift */,
				5085CFED1C4480F900B414BC /* Assets.xcassets */,
				5085CFEF1C4480F900B414BC /* MainMenu.xib */,
				5085CFF21C4480F900B414BC /* Info.plist */,
				5085D01B1C448AA800B414BC /* words.txt */,
			);
			path = LevAutomata;
			sourceTree = "<group>";
		};
/* End PBXGroup section */

/* Begin PBXNativeTarget section */
		507CFA0E1C45CCEC0023466A /* LevAutomataTest */ = {
			isa = PBXNativeTarget;
			buildConfigurationList = 507CFA161C45CCED0023466A /* Build configuration list for PBXNativeTarget "LevAutomataTest" */;
			buildPhases = (
				507CFA0B1C45CCEC0023466A /* Sources */,
				507CFA0C1C45CCEC0023466A /* Frameworks */,
				507CFA0D1C45CCEC0023466A /* Resources */,
			);
			buildRules = (
			);
			dependencies = (
				507CFA151C45CCED0023466A /* PBXTargetDependency */,
			);
			name = LevAutomataTest;
			productName = LevAutomataTest;
			productReference = 507CFA0F1C45CCEC0023466A /* LevAutomata.xctest */;
			productType = "com.apple.product-type.bundle.unit-test";
		};
		5085CFE71C4480F900B414BC /* LevAutomata */ = {
			isa = PBXNativeTarget;
			buildConfigurationList = 5085CFF51C4480F900B414BC /* Build configuration list for PBXNativeTarget "LevAutomata" */;
			buildPhases = (
				5085CFE41C4480F900B414BC /* Sources */,
				5085CFE51C4480F900B414BC /* Frameworks */,
				5085CFE61C4480F900B414BC /* Resources */,
				5085D00C1C44874E00B414BC /* Embed Frameworks */,
			);
			buildRules = (
			);
			dependencies = (
			);
			name = LevAutomata;
			productName = LevAutomata;
			productReference = 5085CFE81C4480F900B414BC /* LevAutomata.app */;
			productType = "com.apple.product-type.application";
		};
/* End PBXNativeTarget section */

/* Begin PBXProject section */
		5085CFE01C4480F900B414BC /* Project object */ = {
			isa = PBXProject;
			attributes = {
				LastSwiftUpdateCheck = 0720;
				LastUpgradeCheck = 0720;
				ORGANIZATIONNAME = "Junjia He";
				TargetAttributes = {
					507CFA0E1C45CCEC0023466A = {
						CreatedOnToolsVersion = 7.2;
					};
					5085CFE71C4480F900B414BC = {
						CreatedOnToolsVersion = 7.2;
					};
				};
			};
			buildConfigurationList = 5085CFE31C4480F900B414BC /* Build configuration list for PBXProject "LevAutomata" */;
			compatibilityVersion = "Xcode 3.2";
			developmentRegion = English;
			hasScannedForEncodings = 0;
			knownRegions = (
				en,
				Base,
			);
			mainGroup = 5085CFDF1C4480F900B414BC;
			productRefGroup = 5085CFE91C4480F900B414BC /* Products */;
			projectDirPath = "";
			projectRoot = "";
			targets = (
				5085CFE71C4480F900B414BC /* LevAutomata */,
				507CFA0E1C45CCEC0023466A /* LevAutomataTest */,
			);
		};
/* End PBXProject section */

/* Begin PBXResourcesBuildPhase section */
		507CFA0D1C45CCEC0023466A /* Resources */ = {
			isa = PBXResourcesBuildPhase;
			buildActionMask = 2147483647;
			files = (
				507CFA1F1C45D6700023466A /* ReactiveCocoa.framework in Resources */,
				507CFA201C45D6700023466A /* Result.framework in Resources */,
			);
			runOnlyForDeploymentPostprocessing = 0;
		};
		5085CFE61C4480F900B414BC /* Resources */ = {
			isa = PBXResourcesBuildPhase;
			buildActionMask = 2147483647;
			files = (
				5085CFEE1C4480F900B414BC /* Assets.xcassets in Resources */,
				5085D01C1C448AA800B414BC /* words.txt in Resources */,
				5085CFF11C4480F900B414BC /* MainMenu.xib in Resources */,
			);
			runOnlyForDeploymentPostprocessing = 0;
		};
/* End PBXResourcesBuildPhase section */

/* Begin PBXSourcesBuildPhase section */
		507CFA0B1C45CCEC0023466A /* Sources */ = {
			isa = PBXSourcesBuildPhase;
			buildActionMask = 2147483647;
			files = (
				508964D51C583114006B7B5D /* LevState.swift in Sources */,
				507CFA221C45D7AD0023466A /* LevAutomata.swift in Sources */,
				507CFA211C45D7910023466A /* Suggestion.swift in Sources */,
				50552B141C4F317C00AC29A7 /* LevAutomataProfiling.swift in Sources */,
				50552B121C4F305000AC29A7 /* LevAutomataTest.swift in Sources */,
			);
			runOnlyForDeploymentPostprocessing = 0;
		};
		5085CFE41C4480F900B414BC /* Sources */ = {
			isa = PBXSourcesBuildPhase;
			buildActionMask = 2147483647;
			files = (
				5085CFEC1C4480F900B414BC /* AppDelegate.swift in Sources */,
				508964D41C582F6D006B7B5D /* LevState.swift in Sources */,
				5085D01A1C448A6200B414BC /* LevAutomata.swift in Sources */,
				507CFA1A1C45CFFB0023466A /* Suggestion.swift in Sources */,
			);
			runOnlyForDeploymentPostprocessing = 0;
		};
/* End PBXSourcesBuildPhase section */

/* Begin PBXTargetDependency section */
		507CFA151C45CCED0023466A /* PBXTargetDependency */ = {
			isa = PBXTargetDependency;
			target = 5085CFE71C4480F900B414BC /* LevAutomata */;
			targetProxy = 507CFA141C45CCED0023466A /* PBXContainerItemProxy */;
		};
/* End PBXTargetDependency section */

/* Begin PBXVariantGroup section */
		5085CFEF1C4480F900B414BC /* MainMenu.xib */ = {
			isa = PBXVariantGroup;
			children = (
				5085CFF01C4480F900B414BC /* Base */,
			);
			name = MainMenu.xib;
			sourceTree = "<group>";
		};
/* End PBXVariantGroup section */

/* Begin XCBuildConfiguration section */
		507CFA171C45CCED0023466A /* Debug */ = {
			isa = XCBuildConfiguration;
			buildSettings = {
				COMBINE_HIDPI_IMAGES = YES;
				INFOPLIST_FILE = LevAutomataTest/Info.plist;
				LD_RUNPATH_SEARCH_PATHS = "$(inherited) @executable_path/../Frameworks @loader_path/../Frameworks";
				PRODUCT_BUNDLE_IDENTIFIER = com.junjiah.LevAutomataTest;
				PRODUCT_NAME = LevAutomata;
			};
			name = Debug;
		};
		507CFA181C45CCED0023466A /* Release */ = {
			isa = XCBuildConfiguration;
			buildSettings = {
				COMBINE_HIDPI_IMAGES = YES;
				INFOPLIST_FILE = LevAutomataTest/Info.plist;
				LD_RUNPATH_SEARCH_PATHS = "$(inherited) @executable_path/../Frameworks @loader_path/../Frameworks";
				PRODUCT_BUNDLE_IDENTIFIER = com.junjiah.LevAutomataTest;
				PRODUCT_NAME = LevAutomata;
			};
			name = Release;
		};
		5085CFF31C4480F900B414BC /* Debug */ = {
			isa = XCBuildConfiguration;
			buildSettings = {
				ALWAYS_SEARCH_USER_PATHS = NO;
				CLANG_CXX_LANGUAGE_STANDARD = "gnu++0x";
				CLANG_CXX_LIBRARY = "libc++";
				CLANG_ENABLE_MODULES = YES;
				CLANG_ENABLE_OBJC_ARC = YES;
				CLANG_WARN_BOOL_CONVERSION = YES;
				CLANG_WARN_CONSTANT_CONVERSION = YES;
				CLANG_WARN_DIRECT_OBJC_ISA_USAGE = YES_ERROR;
				CLANG_WARN_EMPTY_BODY = YES;
				CLANG_WARN_ENUM_CONVERSION = YES;
				CLANG_WARN_INT_CONVERSION = YES;
				CLANG_WARN_OBJC_ROOT_CLASS = YES_ERROR;
				CLANG_WARN_UNREACHABLE_CODE = YES;
				CLANG_WARN__DUPLICATE_METHOD_MATCH = YES;
				CODE_SIGN_IDENTITY = "-";
				COPY_PHASE_STRIP = NO;
				DEBUG_INFORMATION_FORMAT = dwarf;
				ENABLE_STRICT_OBJC_MSGSEND = YES;
				ENABLE_TESTABILITY = YES;
				GCC_C_LANGUAGE_STANDARD = gnu99;
				GCC_DYNAMIC_NO_PIC = NO;
				GCC_NO_COMMON_BLOCKS = YES;
				GCC_OPTIMIZATION_LEVEL = 0;
				GCC_PREPROCESSOR_DEFINITIONS = (
					"DEBUG=1",
					"$(inherited)",
				);
				GCC_WARN_64_TO_32_BIT_CONVERSION = YES;
				GCC_WARN_ABOUT_RETURN_TYPE = YES_ERROR;
				GCC_WARN_UNDECLARED_SELECTOR = YES;
				GCC_WARN_UNINITIALIZED_AUTOS = YES_AGGRESSIVE;
				GCC_WARN_UNUSED_FUNCTION = YES;
				GCC_WARN_UNUSED_VARIABLE = YES;
				MACOSX_DEPLOYMENT_TARGET = 10.11;
				MTL_ENABLE_DEBUG_INFO = YES;
				ONLY_ACTIVE_ARCH = YES;
				SDKROOT = macosx;
				SWIFT_OPTIMIZATION_LEVEL = "-Onone";
			};
			name = Debug;
		};
		5085CFF41C4480F900B414BC /* Release */ = {
			isa = XCBuildConfiguration;
			buildSettings = {
				ALWAYS_SEARCH_USER_PATHS = NO;
				CLANG_CXX_LANGUAGE_STANDARD = "gnu++0x";
				CLANG_CXX_LIBRARY = "libc++";
				CLANG_ENABLE_MODULES = YES;
				CLANG_ENABLE_OBJC_ARC = YES;
				CLANG_WARN_BOOL_CONVERSION = YES;
				CLANG_WARN_CONSTANT_CONVERSION = YES;
				CLANG_WARN_DIRECT_OBJC_ISA_USAGE = YES_ERROR;
				CLANG_WARN_EMPTY_BODY = YES;
				CLANG_WARN_ENUM_CONVERSION = YES;
				CLANG_WARN_INT_CONVERSION = YES;
				CLANG_WARN_OBJC_ROOT_CLASS = YES_ERROR;
				CLANG_WARN_UNREACHABLE_CODE = YES;
				CLANG_WARN__DUPLICATE_METHOD_MATCH = YES;
				CODE_SIGN_IDENTITY = "-";
				COPY_PHASE_STRIP = NO;
				DEBUG_INFORMATION_FORMAT = "dwarf-with-dsym";
				ENABLE_NS_ASSERTIONS = NO;
				ENABLE_STRICT_OBJC_MSGSEND = YES;
				GCC_C_LANGUAGE_STANDARD = gnu99;
				GCC_NO_COMMON_BLOCKS = YES;
				GCC_WARN_64_TO_32_BIT_CONVERSION = YES;
				GCC_WARN_ABOUT_RETURN_TYPE = YES_ERROR;
				GCC_WARN_UNDECLARED_SELECTOR = YES;
				GCC_WARN_UNINITIALIZED_AUTOS = YES_AGGRESSIVE;
				GCC_WARN_UNUSED_FUNCTION = YES;
				GCC_WARN_UNUSED_VARIABLE = YES;
				MACOSX_DEPLOYMENT_TARGET = 10.11;
				MTL_ENABLE_DEBUG_INFO = NO;
				SDKROOT = macosx;
			};
			name = Release;
		};
		5085CFF61C4480F900B414BC /* Debug */ = {
			isa = XCBuildConfiguration;
			buildSettings = {
				APPLICATION_EXTENSION_API_ONLY = NO;
				ASSETCATALOG_COMPILER_APPICON_NAME = AppIcon;
				COMBINE_HIDPI_IMAGES = YES;
				FRAMEWORK_SEARCH_PATHS = (
					"$(inherited)",
					"$(PROJECT_DIR)/Carthage/Build/Mac",
				);
				INFOPLIST_FILE = LevAutomata/Info.plist;
				LD_RUNPATH_SEARCH_PATHS = "$(inherited) @executable_path/../Frameworks";
				PRODUCT_BUNDLE_IDENTIFIER = com.edfward.LevAutomata;
				PRODUCT_NAME = LevAutomata;
			};
			name = Debug;
		};
		5085CFF71C4480F900B414BC /* Release */ = {
			isa = XCBuildConfiguration;
			buildSettings = {
				APPLICATION_EXTENSION_API_ONLY = NO;
				ASSETCATALOG_COMPILER_APPICON_NAME = AppIcon;
				COMBINE_HIDPI_IMAGES = YES;
				FRAMEWORK_SEARCH_PATHS = (
					"$(inherited)",
					"$(PROJECT_DIR)/Carthage/Build/Mac",
				);
				INFOPLIST_FILE = LevAutomata/Info.plist;
				LD_RUNPATH_SEARCH_PATHS = "$(inherited) @executable_path/../Frameworks";
				PRODUCT_BUNDLE_IDENTIFIER = com.edfward.LevAutomata;
				PRODUCT_NAME = LevAutomata;
			};
			name = Release;
		};
/* End XCBuildConfiguration section */

/* Begin XCConfigurationList section */
		507CFA161C45CCED0023466A /* Build configuration list for PBXNativeTarget "LevAutomataTest" */ = {
			isa = XCConfigurationList;
			buildConfigurations = (
				507CFA171C45CCED0023466A /* Debug */,
				507CFA181C45CCED0023466A /* Release */,
			);
			defaultConfigurationIsVisible = 0;
			defaultConfigurationName = Release;
		};
		5085CFE31C4480F900B414BC /* Build configuration list for PBXProject "LevAutomata" */ = {
			isa = XCConfigurationList;
			buildConfigurations = (
				5085CFF31C4480F900B414BC /* Debug */,
				5085CFF41C4480F900B414BC /* Release */,
			);
			defaultConfigurationIsVisible = 0;
			defaultConfigurationName = Release;
		};
		5085CFF51C4480F900B414BC /* Build configuration list for PBXNativeTarget "LevAutomata" */ = {
			isa = XCConfigurationList;
			buildConfigurations = (
				5085CFF61C4480F900B414BC /* Debug */,
				5085CFF71C4480F900B414BC /* Release */,
			);
			defaultConfigurationIsVisible = 0;
			defaultConfigurationName = Release;
		};
/* End XCConfigurationList section */
	};
	rootObject = 5085CFE01C4480F900B414BC /* Project object */;
}
